
Microsoft Visual Studio Solution File, Format Version 12.00
# Visual Studio Version 17
VisualStudioVersion = 17.9.34723.18
MinimumVisualStudioVersion = 10.0.40219.1
Project("{FAE04EC0-301F-11D3-BF4B-00C04F79EFBC}") = "GraphqlWebAPI", "GraphqlWebAPI\GraphqlWebAPI.csproj", "{3706FB32-D1B7-474F-82D1-5703D39C3A0F}"
EndProject
Global
	GlobalSection(SolutionConfigurationPlatforms) = preSolution
		Debug|Any CPU = Debug|Any CPU
		Release|Any CPU = Release|Any CPU
	EndGlobalSection
	GlobalSection(ProjectConfigurationPlatforms) = postSolution
		{3706FB32-D1B7-474F-82D1-5703D39C3A0F}.Debug|Any CPU.ActiveCfg = Debug|Any CPU
		{3706FB32-D1B7-474F-82D1-5703D39C3A0F}.Debug|Any CPU.Build.0 = Debug|Any CPU
		{3706FB32-D1B7-474F-82D1-5703D39C3A0F}.Release|Any CPU.ActiveCfg = Release|Any CPU
		{3706FB32-D1B7-474F-82D1-5703D39C3A0F}.Release|Any CPU.Build.0 = Release|Any CPU
	EndGlobalSection
	GlobalSection(SolutionProperties) = preSolution
		HideSolutionNode = FALSE
	EndGlobalSection
	GlobalSection(ExtensibilityGlobals) = postSolution
		SolutionGuid = {5D49CA9E-0E86-404E-806E-C662C7181677}
	EndGlobalSection
EndGlobal
